
Microsoft Visual Studio Solution File, Format Version 12.00
# Visual Studio Version 16
VisualStudioVersion = 16.0.30907.101
MinimumVisualStudioVersion = 10.0.40219.1
Project("{FAE04EC0-301F-11D3-BF4B-00C04F79EFBC}") = "Ejercicio 3", "Ejercicio 3\Ejercicio 3.csproj", "{8D8A1C99-CCF4-4146-A007-CD51070E3A8C}"
EndProject
Global
	GlobalSection(SolutionConfigurationPlatforms) = preSolution
		Debug|Any CPU = Debug|Any CPU
		Release|Any CPU = Release|Any CPU
	EndGlobalSection
	GlobalSection(ProjectConfigurationPlatforms) = postSolution
		{8D8A1C99-CCF4-4146-A007-CD51070E3A8C}.Debug|Any CPU.ActiveCfg = Debug|Any CPU
		{8D8A1C99-CCF4-4146-A007-CD51070E3A8C}.Debug|Any CPU.Build.0 = Debug|Any CPU
		{8D8A1C99-CCF4-4146-A007-CD51070E3A8C}.Release|Any CPU.ActiveCfg = Release|Any CPU
		{8D8A1C99-CCF4-4146-A007-CD51070E3A8C}.Release|Any CPU.Build.0 = Release|Any CPU
	EndGlobalSection
	GlobalSection(SolutionProperties) = preSolution
		HideSolutionNode = FALSE
	EndGlobalSection
	GlobalSection(ExtensibilityGlobals) = postSolution
		SolutionGuid = {C4C7A127-5C56-47E3-BBD9-95785C43F4C6}
	EndGlobalSection
EndGlobal
